
Microsoft Visual Studio Solution File, Format Version 12.00
# Visual Studio Version 17
VisualStudioVersion = 17.8.34330.188
MinimumVisualStudioVersion = 10.0.40219.1
Project("{FAE04EC0-301F-11D3-BF4B-00C04F79EFBC}") = "Employees", "Employees\Employees.csproj", "{5AAE31E9-4CC6-4C57-B647-7CCDA4742CAC}"
EndProject
Global
	GlobalSection(SolutionConfigurationPlatforms) = preSolution
		Debug|Any CPU = Debug|Any CPU
		Release|Any CPU = Release|Any CPU
	EndGlobalSection
	GlobalSection(ProjectConfigurationPlatforms) = postSolution
		{5AAE31E9-4CC6-4C57-B647-7CCDA4742CAC}.Debug|Any CPU.ActiveCfg = Debug|Any CPU
		{5AAE31E9-4CC6-4C57-B647-7CCDA4742CAC}.Debug|Any CPU.Build.0 = Debug|Any CPU
		{5AAE31E9-4CC6-4C57-B647-7CCDA4742CAC}.Release|Any CPU.ActiveCfg = Release|Any CPU
		{5AAE31E9-4CC6-4C57-B647-7CCDA4742CAC}.Release|Any CPU.Build.0 = Release|Any CPU
	EndGlobalSection
	GlobalSection(SolutionProperties) = preSolution
		HideSolutionNode = FALSE
	EndGlobalSection
	GlobalSection(ExtensibilityGlobals) = postSolution
		SolutionGuid = {0216A76D-93CB-473E-B580-56DDA9729DED}
	EndGlobalSection
EndGlobal
